
Microsoft Visual Studio Solution File, Format Version 12.00
# Visual Studio 15
VisualStudioVersion = 15.0.28010.2036
MinimumVisualStudioVersion = 10.0.40219.1
Project("{FAE04EC0-301F-11D3-BF4B-00C04F79EFBC}") = "WebApplication", "WebApplication\WebApplication.csproj", "{2AD3ACB9-AE01-4AA2-8B82-A06137109700}"
EndProject
Project("{FAE04EC0-301F-11D3-BF4B-00C04F79EFBC}") = "App.Model", "App.Model\App.Model.csproj", "{73757A10-F394-4201-9FA5-C6D51D7AC7F1}"
EndProject
Project("{FAE04EC0-301F-11D3-BF4B-00C04F79EFBC}") = "App.Data", "App.Data\App.Data.csproj", "{C648FEE4-6D97-4BE6-AB40-16DD66CCB2F8}"
EndProject
Project("{FAE04EC0-301F-11D3-BF4B-00C04F79EFBC}") = "App.Contracts", "App.Contracts\App.Contracts.csproj", "{1D89CF16-CDB0-4017-A893-7FA86FE695B1}"
EndProject
Project("{FAE04EC0-301F-11D3-BF4B-00C04F79EFBC}") = "App.Business", "App.Business\App.Business.csproj", "{813BAB84-7841-4BB9-86A3-AF2D6677550A}"
EndProject
Global
	GlobalSection(SolutionConfigurationPlatforms) = preSolution
		Debug|Any CPU = Debug|Any CPU
		Release|Any CPU = Release|Any CPU
	EndGlobalSection
	GlobalSection(ProjectConfigurationPlatforms) = postSolution
		{2AD3ACB9-AE01-4AA2-8B82-A06137109700}.Debug|Any CPU.ActiveCfg = Debug|Any CPU
		{2AD3ACB9-AE01-4AA2-8B82-A06137109700}.Debug|Any CPU.Build.0 = Debug|Any CPU
		{2AD3ACB9-AE01-4AA2-8B82-A06137109700}.Release|Any CPU.ActiveCfg = Release|Any CPU
		{2AD3ACB9-AE01-4AA2-8B82-A06137109700}.Release|Any CPU.Build.0 = Release|Any CPU
		{73757A10-F394-4201-9FA5-C6D51D7AC7F1}.Debug|Any CPU.ActiveCfg = Debug|Any CPU
		{73757A10-F394-4201-9FA5-C6D51D7AC7F1}.Debug|Any CPU.Build.0 = Debug|Any CPU
		{73757A10-F394-4201-9FA5-C6D51D7AC7F1}.Release|Any CPU.ActiveCfg = Release|Any CPU
		{73757A10-F394-4201-9FA5-C6D51D7AC7F1}.Release|Any CPU.Build.0 = Release|Any CPU
		{C648FEE4-6D97-4BE6-AB40-16DD66CCB2F8}.Debug|Any CPU.ActiveCfg = Debug|Any CPU
		{C648FEE4-6D97-4BE6-AB40-16DD66CCB2F8}.Debug|Any CPU.Build.0 = Debug|Any CPU
		{C648FEE4-6D97-4BE6-AB40-16DD66CCB2F8}.Release|Any CPU.ActiveCfg = Release|Any CPU
		{C648FEE4-6D97-4BE6-AB40-16DD66CCB2F8}.Release|Any CPU.Build.0 = Release|Any CPU
		{1D89CF16-CDB0-4017-A893-7FA86FE695B1}.Debug|Any CPU.ActiveCfg = Debug|Any CPU
		{1D89CF16-CDB0-4017-A893-7FA86FE695B1}.Debug|Any CPU.Build.0 = Debug|Any CPU
		{1D89CF16-CDB0-4017-A893-7FA86FE695B1}.Release|Any CPU.ActiveCfg = Release|Any CPU
		{1D89CF16-CDB0-4017-A893-7FA86FE695B1}.Release|Any CPU.Build.0 = Release|Any CPU
		{813BAB84-7841-4BB9-86A3-AF2D6677550A}.Debug|Any CPU.ActiveCfg = Debug|Any CPU
		{813BAB84-7841-4BB9-86A3-AF2D6677550A}.Debug|Any CPU.Build.0 = Debug|Any CPU
		{813BAB84-7841-4BB9-86A3-AF2D6677550A}.Release|Any CPU.ActiveCfg = Release|Any CPU
		{813BAB84-7841-4BB9-86A3-AF2D6677550A}.Release|Any CPU.Build.0 = Release|Any CPU
	EndGlobalSection
	GlobalSection(SolutionProperties) = preSolution
		HideSolutionNode = FALSE
	EndGlobalSection
	GlobalSection(ExtensibilityGlobals) = postSolution
		SolutionGuid = {1D3D40AF-2FA1-481D-A08A-950139A483C3}
	EndGlobalSection
EndGlobal
